
Microsoft Visual Studio Solution File, Format Version 12.00
# Visual Studio Version 16
VisualStudioVersion = 16.0.31424.327
MinimumVisualStudioVersion = 10.0.40219.1
Project("{FAE04EC0-301F-11D3-BF4B-00C04F79EFBC}") = "TaskManager", "TaskManager\TaskManager.csproj", "{ABDEA403-0E47-439D-8C4E-93EEBAAF8C39}"
EndProject
Global
	GlobalSection(SolutionConfigurationPlatforms) = preSolution
		Debug|Any CPU = Debug|Any CPU
		Release|Any CPU = Release|Any CPU
	EndGlobalSection
	GlobalSection(ProjectConfigurationPlatforms) = postSolution
		{ABDEA403-0E47-439D-8C4E-93EEBAAF8C39}.Debug|Any CPU.ActiveCfg = Debug|Any CPU
		{ABDEA403-0E47-439D-8C4E-93EEBAAF8C39}.Debug|Any CPU.Build.0 = Debug|Any CPU
		{ABDEA403-0E47-439D-8C4E-93EEBAAF8C39}.Release|Any CPU.ActiveCfg = Release|Any CPU
		{ABDEA403-0E47-439D-8C4E-93EEBAAF8C39}.Release|Any CPU.Build.0 = Release|Any CPU
	EndGlobalSection
	GlobalSection(SolutionProperties) = preSolution
		HideSolutionNode = FALSE
	EndGlobalSection
	GlobalSection(ExtensibilityGlobals) = postSolution
		SolutionGuid = {B88949C0-8CE7-4DB6-9416-C7B1ECC3DE76}
	EndGlobalSection
EndGlobal
